{
  "version": "4",
  "specifiers": {
    "jsr:@db/sqlite@*": "0.12.0",
    "jsr:@db/sqlite@0.12": "0.12.0",
    "jsr:@denosaurs/plug@1": "1.0.6",
    "jsr:@std/assert@0.217": "0.217.0",
    "jsr:@std/assert@0.221": "0.221.0",
    "jsr:@std/assert@1": "1.0.8",
    "jsr:@std/encoding@0.221": "0.221.0",
    "jsr:@std/fmt@0.221": "0.221.0",
    "jsr:@std/fs@0.221": "0.221.0",
    "jsr:@std/internal@^1.0.5": "1.0.5",
    "jsr:@std/path@0.217": "0.217.0",
    "jsr:@std/path@0.221": "0.221.0"
  },
  "jsr": {
    "@db/sqlite@0.12.0": {
      "integrity": "dd1ef7f621ad50fc1e073a1c3609c4470bd51edc0994139c5bf9851de7a6d85f",
      "dependencies": [
        "jsr:@denosaurs/plug",
        "jsr:@std/path@0.217"
      ]
    },
    "@denosaurs/plug@1.0.6": {
      "integrity": "6cf5b9daba7799837b9ffbe89f3450510f588fafef8115ddab1ff0be9cb7c1a7",
      "dependencies": [
        "jsr:@std/encoding",
        "jsr:@std/fmt",
        "jsr:@std/fs",
        "jsr:@std/path@0.221"
      ]
    },
    "@std/assert@0.217.0": {
      "integrity": "c98e279362ca6982d5285c3b89517b757c1e3477ee9f14eb2fdf80a45aaa9642"
    },
    "@std/assert@0.221.0": {
      "integrity": "a5f1aa6e7909dbea271754fd4ab3f4e687aeff4873b4cef9a320af813adb489a"
    },
    "@std/assert@1.0.8": {
      "integrity": "ebe0bd7eb488ee39686f77003992f389a06c3da1bbd8022184804852b2fa641b",
      "dependencies": [
        "jsr:@std/internal"
      ]
    },
    "@std/encoding@0.221.0": {
      "integrity": "d1dd76ef0dc5d14088411e6dc1dede53bf8308c95d1537df1214c97137208e45"
    },
    "@std/fmt@0.221.0": {
      "integrity": "379fed69bdd9731110f26b9085aeb740606b20428ce6af31ef6bd45ef8efa62a"
    },
    "@std/fs@0.221.0": {
      "integrity": "028044450299de8ed5a716ade4e6d524399f035513b85913794f4e81f07da286",
      "dependencies": [
        "jsr:@std/assert@0.221",
        "jsr:@std/path@0.221"
      ]
    },
    "@std/internal@1.0.5": {
      "integrity": "54a546004f769c1ac9e025abd15a76b6671ddc9687e2313b67376125650dc7ba"
    },
    "@std/path@0.217.0": {
      "integrity": "1217cc25534bca9a2f672d7fe7c6f356e4027df400c0e85c0ef3e4343bc67d11",
      "dependencies": [
        "jsr:@std/assert@0.217"
      ]
    },
    "@std/path@0.221.0": {
      "integrity": "0a36f6b17314ef653a3a1649740cc8db51b25a133ecfe838f20b79a56ebe0095",
      "dependencies": [
        "jsr:@std/assert@0.221"
      ]
    }
  },
  "remote": {
    "https://deno.land/std@0.98.0/async/deferred.ts": "624bef4b755b71394620508a0c234a93cb8020cbd1b04bfcdad41c174392cef6",
    "https://deno.land/std@0.98.0/async/delay.ts": "9de1d8d07d1927767ab7f82434b883f3d8294fb19cad819691a2ad81a728cf3d",
    "https://deno.land/std@0.98.0/async/mod.ts": "f24e4a94f9fb7de78e8345e9590e1bf23da28a212541970413a023094448031b",
    "https://deno.land/std@0.98.0/async/mux_async_iterator.ts": "62abff3af9ff619e8f2adc96fc70d4ca020fa48a50c23c13f12d02ed2b760dbe",
    "https://deno.land/std@0.98.0/async/pool.ts": "353ce4f91865da203a097aa6f33de8966340c91b6f4a055611c8c5d534afd12f",
    "https://deno.land/std@0.98.0/async/tee.ts": "6b8f1322b6dd2396202cfbe9cde9cab158d1e962cfd9197b0a97c6657bee79ce",
    "https://deno.land/x/retry@v2.0.0/deps.ts": "62bc07039958b86fcb32e739cc030358417ee1f21872d54c108787d7cea202dc",
    "https://deno.land/x/retry@v2.0.0/misc.ts": "1576f1b578a8da8c9f3e21988a77cb66081bc04d73965e98f635e7107bd394ea",
    "https://deno.land/x/retry@v2.0.0/mod.ts": "a02882eca91f62cda4871ff55b83e9b7ac7173fe7e37028e3ff24d5a58c723e4",
    "https://deno.land/x/retry@v2.0.0/retry/decorator.ts": "d95aa83651c355be3c01290721cf1c1c121ef442031abd9b91b06486b9908978",
    "https://deno.land/x/retry@v2.0.0/retry/options.ts": "b97a77a8dbad759602c92f3b08a2e99466844ff672e9cf52523c6f94cb47619b",
    "https://deno.land/x/retry@v2.0.0/retry/retry.ts": "2d8de90696082287aa31ee7723d3fb9b7d8f10f06651aa38494364e69a371a6e",
    "https://deno.land/x/retry@v2.0.0/retry/tooManyTries.ts": "e63db29ff25b32a7938da60112a7a0280b3dffa5d888b25d3225d417057af0fa",
    "https://deno.land/x/retry@v2.0.0/retry/utils/options.ts": "ad21c186f419f29f4dde70631ef4cf47302fc63f99c9d259108cc4fc10b64c91",
    "https://deno.land/x/retry@v2.0.0/retry/utils/tools.ts": "0873dd98867c3befa40777b4c39752443b7e4a357194719b3f7e52a6af3b96d5",
    "https://deno.land/x/retry@v2.0.0/retry/utils/untilDefined/decorators.ts": "b0638e5d8f29ae91591fc0c22d59aaeca98875b25f27965f00dac8ac62827240",
    "https://deno.land/x/retry@v2.0.0/retry/utils/untilDefined/retry.ts": "419ff8e8e70d3afd9c72e4c613da1a33f1226701fd38a0529f053848ed295169",
    "https://deno.land/x/retry@v2.0.0/retry/utils/untilResponse/decorators.ts": "0696c8292acb316a78bcd228c141b2039fe2dcf3089ae5d93c65e1e2b0778240",
    "https://deno.land/x/retry@v2.0.0/retry/utils/untilResponse/retry.ts": "756c9260656c1e506437d20a09c03d56a52c03deb4d90cf5ec04fe444a7c5a60",
    "https://deno.land/x/retry@v2.0.0/retry/utils/untilTruthy/decorators.ts": "669d6abfd4efacd0e3404b869710a54fe14452b96af9a8a6a9277a06b4736083",
    "https://deno.land/x/retry@v2.0.0/retry/utils/untilTruthy/retry.ts": "b9a84430b3116c973175a07e0fffed70db9ea5f6154ec4f56f267ec3df8e5e3d",
    "https://deno.land/x/retry@v2.0.0/wait/decorators.ts": "8bdb7953fc3408369afc5bba03a1ac285a81fe1472a688418cf8d0391eeef7ff",
    "https://deno.land/x/retry@v2.0.0/wait/options.ts": "159e50c401e5fbb5513aa25cffb703758d9618e80b8a40b6af2ba51d3153a19a",
    "https://deno.land/x/retry@v2.0.0/wait/timeoutError.ts": "61b6b17e26cd16d7f612169185c8e4e63271673c15ad6b8bb4b20fbd9418b1fb",
    "https://deno.land/x/retry@v2.0.0/wait/wait.ts": "508bd97fced6b35393c358339e9a89d3cef9497dd2d95beaed40a83fef7e3d4f"
  },
  "workspace": {
    "dependencies": [
      "jsr:@db/sqlite@0.12",
      "jsr:@std/assert@1"
    ]
  }
}
